// !$*UTF8*$!
{
	archiveVersion = 1;
	classes = {
	};
	objectVersion = 46;
	objects = {

/* Begin PBXBuildFile section */
		5238848F1BB509F3001AB8D9 /* main.cpp in Sources */ = {isa = PBXBuildFile; fileRef = 5238848E1BB509F3001AB8D9 /* main.cpp */; };
		5239D3DC1BC4C36A009A26E6 /* Simulation.cpp in Sources */ = {isa = PBXBuildFile; fileRef = 5239D3DA1BC4C36A009A26E6 /* Simulation.cpp */; };
		5239D3DF1BC4C63C009A26E6 /* Event.cpp in Sources */ = {isa = PBXBuildFile; fileRef = 5239D3DD1BC4C63C009A26E6 /* Event.cpp */; };
		5239D3E21BC4CD41009A26E6 /* SimQueue.cpp in Sources */ = {isa = PBXBuildFile; fileRef = 5239D3E01BC4CD41009A26E6 /* SimQueue.cpp */; };
		5239D3E51BC4EB1F009A26E6 /* CsmaEvents.cpp in Sources */ = {isa = PBXBuildFile; fileRef = 5239D3E31BC4EB1F009A26E6 /* CsmaEvents.cpp */; };
		5239D3E81BC4F24E009A26E6 /* SimRandomNumbers.cpp in Sources */ = {isa = PBXBuildFile; fileRef = 5239D3E61BC4F24E009A26E6 /* SimRandomNumbers.cpp */; };
		52CC37C51BC6405600D5BB60 /* Node.cpp in Sources */ = {isa = PBXBuildFile; fileRef = 52CC37C31BC6405600D5BB60 /* Node.cpp */; };
		52CC37C81BC640DC00D5BB60 /* Entity.cpp in Sources */ = {isa = PBXBuildFile; fileRef = 52CC37C61BC640DC00D5BB60 /* Entity.cpp */; };
		52CC37CB1BC7877600D5BB60 /* Channel.cpp in Sources */ = {isa = PBXBuildFile; fileRef = 52CC37C91BC7877600D5BB60 /* Channel.cpp */; };
/* End PBXBuildFile section */

/* Begin PBXCopyFilesBuildPhase section */
		523884891BB509F3001AB8D9 /* CopyFiles */ = {
			isa = PBXCopyFilesBuildPhase;
			buildActionMask = 2147483647;
			dstPath = /usr/share/man/man1/;
			dstSubfolderSpec = 0;
			files = (
			);
			runOnlyForDeploymentPostprocessing = 1;
		};
/* End PBXCopyFilesBuildPhase section */

/* Begin PBXFileReference section */
		5238848B1BB509F3001AB8D9 /* sim_csma */ = {isa = PBXFileReference; explicitFileType = "compiled.mach-o.executable"; includeInIndex = 0; path = sim_csma; sourceTree = BUILT_PRODUCTS_DIR; };
		5238848E1BB509F3001AB8D9 /* main.cpp */ = {isa = PBXFileReference; lastKnownFileType = sourcecode.cpp.cpp; path = main.cpp; sourceTree = "<group>"; };
		5239D3DA1BC4C36A009A26E6 /* Simulation.cpp */ = {isa = PBXFileReference; fileEncoding = 4; lastKnownFileType = sourcecode.cpp.cpp; path = Simulation.cpp; sourceTree = "<group>"; };
		5239D3DB1BC4C36A009A26E6 /* Simulation.h */ = {isa = PBXFileReference; fileEncoding = 4; lastKnownFileType = sourcecode.c.h; path = Simulation.h; sourceTree = "<group>"; };
		5239D3DD1BC4C63C009A26E6 /* Event.cpp */ = {isa = PBXFileReference; fileEncoding = 4; lastKnownFileType = sourcecode.cpp.cpp; path = Event.cpp; sourceTree = "<group>"; };
		5239D3DE1BC4C63C009A26E6 /* Event.h */ = {isa = PBXFileReference; fileEncoding = 4; lastKnownFileType = sourcecode.c.h; path = Event.h; sourceTree = "<group>"; };
		5239D3E01BC4CD41009A26E6 /* SimQueue.cpp */ = {isa = PBXFileReference; fileEncoding = 4; lastKnownFileType = sourcecode.cpp.cpp; path = SimQueue.cpp; sourceTree = "<group>"; };
		5239D3E11BC4CD41009A26E6 /* SimQueue.h */ = {isa = PBXFileReference; fileEncoding = 4; lastKnownFileType = sourcecode.c.h; path = SimQueue.h; sourceTree = "<group>"; };
		5239D3E31BC4EB1F009A26E6 /* CsmaEvents.cpp */ = {isa = PBXFileReference; fileEncoding = 4; lastKnownFileType = sourcecode.cpp.cpp; path = CsmaEvents.cpp; sourceTree = "<group>"; };
		5239D3E41BC4EB1F009A26E6 /* CsmaEvents.h */ = {isa = PBXFileReference; fileEncoding = 4; lastKnownFileType = sourcecode.c.h; path = CsmaEvents.h; sourceTree = "<group>"; };
		5239D3E61BC4F24E009A26E6 /* SimRandomNumbers.cpp */ = {isa = PBXFileReference; fileEncoding = 4; lastKnownFileType = sourcecode.cpp.cpp; path = SimRandomNumbers.cpp; sourceTree = "<group>"; };
		5239D3E71BC4F24E009A26E6 /* SimRandomNumbers.h */ = {isa = PBXFileReference; fileEncoding = 4; lastKnownFileType = sourcecode.c.h; path = SimRandomNumbers.h; sourceTree = "<group>"; };
		52CC37C31BC6405600D5BB60 /* Node.cpp */ = {isa = PBXFileReference; fileEncoding = 4; lastKnownFileType = sourcecode.cpp.cpp; path = Node.cpp; sourceTree = "<group>"; };
		52CC37C41BC6405600D5BB60 /* Node.h */ = {isa = PBXFileReference; fileEncoding = 4; lastKnownFileType = sourcecode.c.h; path = Node.h; sourceTree = "<group>"; };
		52CC37C61BC640DC00D5BB60 /* Entity.cpp */ = {isa = PBXFileReference; fileEncoding = 4; lastKnownFileType = sourcecode.cpp.cpp; path = Entity.cpp; sourceTree = "<group>"; };
		52CC37C71BC640DC00D5BB60 /* Entity.h */ = {isa = PBXFileReference; fileEncoding = 4; lastKnownFileType = sourcecode.c.h; path = Entity.h; sourceTree = "<group>"; };
		52CC37C91BC7877600D5BB60 /* Channel.cpp */ = {isa = PBXFileReference; fileEncoding = 4; lastKnownFileType = sourcecode.cpp.cpp; path = Channel.cpp; sourceTree = "<group>"; };
		52CC37CA1BC7877600D5BB60 /* Channel.h */ = {isa = PBXFileReference; fileEncoding = 4; lastKnownFileType = sourcecode.c.h; path = Channel.h; sourceTree = "<group>"; };
/* End PBXFileReference section */

/* Begin PBXFrameworksBuildPhase section */
		523884881BB509F3001AB8D9 /* Frameworks */ = {
			isa = PBXFrameworksBuildPhase;
			buildActionMask = 2147483647;
			files = (
			);
			runOnlyForDeploymentPostprocessing = 0;
		};
/* End PBXFrameworksBuildPhase section */

/* Begin PBXGroup section */
		523884821BB509F3001AB8D9 = {
			isa = PBXGroup;
			children = (
				5238848D1BB509F3001AB8D9 /* sim_csma */,
				5238848C1BB509F3001AB8D9 /* Products */,
			);
			sourceTree = "<group>";
		};
		5238848C1BB509F3001AB8D9 /* Products */ = {
			isa = PBXGroup;
			children = (
				5238848B1BB509F3001AB8D9 /* sim_csma */,
			);
			name = Products;
			sourceTree = "<group>";
		};
		5238848D1BB509F3001AB8D9 /* sim_csma */ = {
			isa = PBXGroup;
			children = (
				5238848E1BB509F3001AB8D9 /* main.cpp */,
				52CC37C31BC6405600D5BB60 /* Node.cpp */,
				52CC37C41BC6405600D5BB60 /* Node.h */,
				52CC37C91BC7877600D5BB60 /* Channel.cpp */,
				52CC37CA1BC7877600D5BB60 /* Channel.h */,
				52CC37C61BC640DC00D5BB60 /* Entity.cpp */,
				52CC37C71BC640DC00D5BB60 /* Entity.h */,
				5239D3E61BC4F24E009A26E6 /* SimRandomNumbers.cpp */,
				5239D3E71BC4F24E009A26E6 /* SimRandomNumbers.h */,
				5239D3DA1BC4C36A009A26E6 /* Simulation.cpp */,
				5239D3DB1BC4C36A009A26E6 /* Simulation.h */,
				5239D3E31BC4EB1F009A26E6 /* CsmaEvents.cpp */,
				5239D3E41BC4EB1F009A26E6 /* CsmaEvents.h */,
				5239D3DD1BC4C63C009A26E6 /* Event.cpp */,
				5239D3DE1BC4C63C009A26E6 /* Event.h */,
				5239D3E01BC4CD41009A26E6 /* SimQueue.cpp */,
				5239D3E11BC4CD41009A26E6 /* SimQueue.h */,
			);
			path = sim_csma;
			sourceTree = "<group>";
		};
/* End PBXGroup section */

/* Begin PBXNativeTarget section */
		5238848A1BB509F3001AB8D9 /* sim_csma */ = {
			isa = PBXNativeTarget;
			buildConfigurationList = 523884921BB509F3001AB8D9 /* Build configuration list for PBXNativeTarget "sim_csma" */;
			buildPhases = (
				523884871BB509F3001AB8D9 /* Sources */,
				523884881BB509F3001AB8D9 /* Frameworks */,
				523884891BB509F3001AB8D9 /* CopyFiles */,
			);
			buildRules = (
			);
			dependencies = (
			);
			name = sim_csma;
			productName = sim_csma;
			productReference = 5238848B1BB509F3001AB8D9 /* sim_csma */;
			productType = "com.apple.product-type.tool";
		};
/* End PBXNativeTarget section */

/* Begin PBXProject section */
		523884831BB509F3001AB8D9 /* Project object */ = {
			isa = PBXProject;
			attributes = {
				LastUpgradeCheck = 0630;
				TargetAttributes = {
					5238848A1BB509F3001AB8D9 = {
						CreatedOnToolsVersion = 6.3;
					};
				};
			};
			buildConfigurationList = 523884861BB509F3001AB8D9 /* Build configuration list for PBXProject "sim_csma" */;
			compatibilityVersion = "Xcode 3.2";
			developmentRegion = English;
			hasScannedForEncodings = 0;
			knownRegions = (
				en,
			);
			mainGroup = 523884821BB509F3001AB8D9;
			productRefGroup = 5238848C1BB509F3001AB8D9 /* Products */;
			projectDirPath = "";
			projectRoot = "";
			targets = (
				5238848A1BB509F3001AB8D9 /* sim_csma */,
			);
		};
/* End PBXProject section */

/* Begin PBXSourcesBuildPhase section */
		523884871BB509F3001AB8D9 /* Sources */ = {
			isa = PBXSourcesBuildPhase;
			buildActionMask = 2147483647;
			files = (
				52CC37C81BC640DC00D5BB60 /* Entity.cpp in Sources */,
				5239D3E21BC4CD41009A26E6 /* SimQueue.cpp in Sources */,
				52CC37C51BC6405600D5BB60 /* Node.cpp in Sources */,
				5239D3E51BC4EB1F009A26E6 /* CsmaEvents.cpp in Sources */,
				5239D3DF1BC4C63C009A26E6 /* Event.cpp in Sources */,
				52CC37CB1BC7877600D5BB60 /* Channel.cpp in Sources */,
				5239D3DC1BC4C36A009A26E6 /* Simulation.cpp in Sources */,
				5238848F1BB509F3001AB8D9 /* main.cpp in Sources */,
				5239D3E81BC4F24E009A26E6 /* SimRandomNumbers.cpp in Sources */,
			);
			runOnlyForDeploymentPostprocessing = 0;
		};
/* End PBXSourcesBuildPhase section */

/* Begin XCBuildConfiguration section */
		523884901BB509F3001AB8D9 /* Debug */ = {
			isa = XCBuildConfiguration;
			buildSettings = {
				ALWAYS_SEARCH_USER_PATHS = NO;
				CLANG_CXX_LANGUAGE_STANDARD = "gnu++0x";
				CLANG_CXX_LIBRARY = "libc++";
				CLANG_ENABLE_MODULES = YES;
				CLANG_ENABLE_OBJC_ARC = YES;
				CLANG_WARN_BOOL_CONVERSION = YES;
				CLANG_WARN_CONSTANT_CONVERSION = YES;
				CLANG_WARN_DIRECT_OBJC_ISA_USAGE = YES_ERROR;
				CLANG_WARN_EMPTY_BODY = YES;
				CLANG_WARN_ENUM_CONVERSION = YES;
				CLANG_WARN_INT_CONVERSION = YES;
				CLANG_WARN_OBJC_ROOT_CLASS = YES_ERROR;
				CLANG_WARN_UNREACHABLE_CODE = YES;
				CLANG_WARN__DUPLICATE_METHOD_MATCH = YES;
				COPY_PHASE_STRIP = NO;
				DEBUG_INFORMATION_FORMAT = dwarf;
				ENABLE_STRICT_OBJC_MSGSEND = YES;
				GCC_C_LANGUAGE_STANDARD = gnu99;
				GCC_DYNAMIC_NO_PIC = NO;
				GCC_NO_COMMON_BLOCKS = YES;
				GCC_OPTIMIZATION_LEVEL = 0;
				GCC_PREPROCESSOR_DEFINITIONS = (
					"DEBUG=1",
					"$(inherited)",
				);
				GCC_SYMBOLS_PRIVATE_EXTERN = NO;
				GCC_WARN_64_TO_32_BIT_CONVERSION = YES;
				GCC_WARN_ABOUT_RETURN_TYPE = YES_ERROR;
				GCC_WARN_UNDECLARED_SELECTOR = YES;
				GCC_WARN_UNINITIALIZED_AUTOS = YES_AGGRESSIVE;
				GCC_WARN_UNUSED_FUNCTION = YES;
				GCC_WARN_UNUSED_VARIABLE = YES;
				MACOSX_DEPLOYMENT_TARGET = 10.10;
				MTL_ENABLE_DEBUG_INFO = YES;
				ONLY_ACTIVE_ARCH = YES;
				SDKROOT = macosx;
			};
			name = Debug;
		};
		523884911BB509F3001AB8D9 /* Release */ = {
			isa = XCBuildConfiguration;
			buildSettings = {
				ALWAYS_SEARCH_USER_PATHS = NO;
				CLANG_CXX_LANGUAGE_STANDARD = "gnu++0x";
				CLANG_CXX_LIBRARY = "libc++";
				CLANG_ENABLE_MODULES = YES;
				CLANG_ENABLE_OBJC_ARC = YES;
				CLANG_WARN_BOOL_CONVERSION = YES;
				CLANG_WARN_CONSTANT_CONVERSION = YES;
				CLANG_WARN_DIRECT_OBJC_ISA_USAGE = YES_ERROR;
				CLANG_WARN_EMPTY_BODY = YES;
				CLANG_WARN_ENUM_CONVERSION = YES;
				CLANG_WARN_INT_CONVERSION = YES;
				CLANG_WARN_OBJC_ROOT_CLASS = YES_ERROR;
				CLANG_WARN_UNREACHABLE_CODE = YES;
				CLANG_WARN__DUPLICATE_METHOD_MATCH = YES;
				COPY_PHASE_STRIP = NO;
				DEBUG_INFORMATION_FORMAT = "dwarf-with-dsym";
				ENABLE_NS_ASSERTIONS = NO;
				ENABLE_STRICT_OBJC_MSGSEND = YES;
				GCC_C_LANGUAGE_STANDARD = gnu99;
				GCC_NO_COMMON_BLOCKS = YES;
				GCC_WARN_64_TO_32_BIT_CONVERSION = YES;
				GCC_WARN_ABOUT_RETURN_TYPE = YES_ERROR;
				GCC_WARN_UNDECLARED_SELECTOR = YES;
				GCC_WARN_UNINITIALIZED_AUTOS = YES_AGGRESSIVE;
				GCC_WARN_UNUSED_FUNCTION = YES;
				GCC_WARN_UNUSED_VARIABLE = YES;
				MACOSX_DEPLOYMENT_TARGET = 10.10;
				MTL_ENABLE_DEBUG_INFO = NO;
				SDKROOT = macosx;
			};
			name = Release;
		};
		523884931BB509F3001AB8D9 /* Debug */ = {
			isa = XCBuildConfiguration;
			buildSettings = {
				HEADER_SEARCH_PATHS = (
					"$(inherited)",
					/Applications/Xcode.app/Contents/Developer/Toolchains/XcodeDefault.xctoolchain/usr/include,
				);
				"HEADER_SEARCH_PATHS[arch=*]" = (
					"$(inherited)",
					/Applications/Xcode.app/Contents/Developer/Toolchains/XcodeDefault.xctoolchain/usr/include,
				);
				PRODUCT_NAME = "$(TARGET_NAME)";
			};
			name = Debug;
		};
		523884941BB509F3001AB8D9 /* Release */ = {
			isa = XCBuildConfiguration;
			buildSettings = {
				HEADER_SEARCH_PATHS = (
					"$(inherited)",
					/Applications/Xcode.app/Contents/Developer/Toolchains/XcodeDefault.xctoolchain/usr/include,
				);
				PRODUCT_NAME = "$(TARGET_NAME)";
			};
			name = Release;
		};
/* End XCBuildConfiguration section */

/* Begin XCConfigurationList section */
		523884861BB509F3001AB8D9 /* Build configuration list for PBXProject "sim_csma" */ = {
			isa = XCConfigurationList;
			buildConfigurations = (
				523884901BB509F3001AB8D9 /* Debug */,
				523884911BB509F3001AB8D9 /* Release */,
			);
			defaultConfigurationIsVisible = 0;
			defaultConfigurationName = Release;
		};
		523884921BB509F3001AB8D9 /* Build configuration list for PBXNativeTarget "sim_csma" */ = {
			isa = XCConfigurationList;
			buildConfigurations = (
				523884931BB509F3001AB8D9 /* Debug */,
				523884941BB509F3001AB8D9 /* Release */,
			);
			defaultConfigurationIsVisible = 0;
			defaultConfigurationName = Release;
		};
/* End XCConfigurationList section */
	};
	rootObject = 523884831BB509F3001AB8D9 /* Project object */;
}
